# This file is automatically @generated by Poetry 2.2.1 and should not be changed by hand.

[[package]]
name = "networkx"
version = "3.6"
description = "Python package for creating and manipulating graphs and networks"
optional = false
python-versions = ">=3.11"
groups = ["main"]
files = [
    {file = "networkx-3.6-py3-none-any.whl", hash = "sha256:cdb395b105806062473d3be36458d8f1459a4e4b98e236a66c3a48996e07684f"},
    {file = "networkx-3.6.tar.gz", hash = "sha256:285276002ad1f7f7da0f7b42f004bcba70d381e936559166363707fdad3d72ad"},
]

[package.extras]
benchmarking = ["asv", "virtualenv"]
default = ["matplotlib (>=3.8)", "numpy (>=1.25)", "pandas (>=2.0)", "scipy (>=1.11.2)"]
developer = ["mypy (>=1.15)", "pre-commit (>=4.1)"]
doc = ["intersphinx-registry", "myst-nb (>=1.1)", "numpydoc (>=1.8.0)", "pillow (>=10)", "pydata-sphinx-theme (>=0.16)", "sphinx (>=8.0)", "sphinx-gallery (>=0.18)", "texext (>=0.6.7)"]
example = ["cairocffi (>=1.7)", "contextily (>=1.6)", "igraph (>=0.11)", "iplotx (>=0.9.0)", "momepy (>=0.7.2)", "osmnx (>=2.0.0)", "scikit-learn (>=1.5)", "seaborn (>=0.13)"]
extra = ["lxml (>=4.6)", "pydot (>=3.0.1)", "pygraphviz (>=1.14)", "sympy (>=1.10)"]
release = ["build (>=0.10)", "changelist (==0.5)", "twine (>=4.0)", "wheel (>=0.40)"]
test = ["pytest (>=7.2)", "pytest-cov (>=4.0)", "pytest-xdist (>=3.0)"]
test-extras = ["pytest-mpl", "pytest-randomly"]

[metadata]
lock-version = "2.1"
python-versions = ">=3.11"
content-hash = "a058ea9af22879d81042614377109363ec7e10d21297258dff27621252e2f476"
